# Exact pure-Python wheels from official PyPI; install with --require-hashes.
asgiref==3.12.1 --hash=sha256:fe386d1c2bff7259ea95929266d12a8cf9a8b5a1c2598402967d8792e7a7c094
Django==5.2.17 --hash=sha256:f04fb3b36ee119e1af4fa1d397d5fd6cf12700f49321e84d4f4c642c5b1973db
django-otp==1.7.3 --hash=sha256:7d52fb0f76c4c1c86cbc71c196d3f79941b0b84aff980e45193bef89a70a7a12
gunicorn==26.2.0 --hash=sha256:bd249d0b3f7972f7432f0a6b6ff3b3ee2d129f70cd1ff6c09a9dd9e29a2b88e3
packaging==26.3 --hash=sha256:d7193f7c8e4e93f444fde0262bf90af30e16fa0ad0ad44cb553c87339b23cd1c
sqlparse==0.6.0 --hash=sha256:b861c0288ce2fa56209a9a6412d2e066ac664b3873b89c26c9d8415e8e32996f
